
Microsoft Visual Studio Solution File, Format Version 12.00
# Visual Studio 2015
Project("{FAE04EC0-301F-11D3-BF4B-00C04F79EFBC}") = "CrazyCowboy.CSharp", "CrazyCowboy.CSharp.csproj", "{678B58E1-AF9D-7202-5132-C7C570242BA4}"
EndProject
Global
	GlobalSection(SolutionConfigurationPlatforms) = preSolution
		Debug|Any CPU = Debug|Any CPU
		Release|Any CPU = Release|Any CPU
	EndGlobalSection
	GlobalSection(ProjectConfigurationPlatforms) = postSolution
		{678B58E1-AF9D-7202-5132-C7C570242BA4}.Debug|Any CPU.ActiveCfg = Debug|Any CPU
		{678B58E1-AF9D-7202-5132-C7C570242BA4}.Debug|Any CPU.Build.0 = Debug|Any CPU
		{678B58E1-AF9D-7202-5132-C7C570242BA4}.Release|Any CPU.ActiveCfg = Release|Any CPU
		{678B58E1-AF9D-7202-5132-C7C570242BA4}.Release|Any CPU.Build.0 = Release|Any CPU
	EndGlobalSection
	GlobalSection(SolutionProperties) = preSolution
		HideSolutionNode = FALSE
	EndGlobalSection
EndGlobal
